
Microsoft Visual Studio Solution File, Format Version 12.00
# Visual Studio Version 17
VisualStudioVersion = 17.3.32922.545
MinimumVisualStudioVersion = 10.0.40219.1
Project("{FAE04EC0-301F-11D3-BF4B-00C04F79EFBC}") = "WindowsFirewallApp", "WindowsFirewallApp\WindowsFirewallApp.csproj", "{7EE05A6E-7D84-47E7-A532-19677E9FC721}"
EndProject
Global
	GlobalSection(SolutionConfigurationPlatforms) = preSolution
		Debug|Any CPU = Debug|Any CPU
		Release|Any CPU = Release|Any CPU
	EndGlobalSection
	GlobalSection(ProjectConfigurationPlatforms) = postSolution
		{7EE05A6E-7D84-47E7-A532-19677E9FC721}.Debug|Any CPU.ActiveCfg = Debug|Any CPU
		{7EE05A6E-7D84-47E7-A532-19677E9FC721}.Debug|Any CPU.Build.0 = Debug|Any CPU
		{7EE05A6E-7D84-47E7-A532-19677E9FC721}.Release|Any CPU.ActiveCfg = Release|Any CPU
		{7EE05A6E-7D84-47E7-A532-19677E9FC721}.Release|Any CPU.Build.0 = Release|Any CPU
	EndGlobalSection
	GlobalSection(SolutionProperties) = preSolution
		HideSolutionNode = FALSE
	EndGlobalSection
	GlobalSection(ExtensibilityGlobals) = postSolution
		SolutionGuid = {88A57C5A-32B3-4395-BDE0-941C0F2EB197}
	EndGlobalSection
EndGlobal
